
Microsoft Visual Studio Solution File, Format Version 12.00
# Visual Studio Version 16
VisualStudioVersion = 16.0.32106.194
MinimumVisualStudioVersion = 10.0.40219.1
Project("{FAE04EC0-301F-11D3-BF4B-00C04F79EFBC}") = "ConsultaCEPs", "ConsultaCEPs\ConsultaCEPs.csproj", "{8C763BED-FE19-40D9-9239-5B099014A066}"
EndProject
Project("{54435603-DBB4-11D2-8724-00A0C9A8B90C}") = "Instalador_ConsultaCEP", "ConsultaCEPs\Instalador\Instalador_ConsultaCEP\Instalador_ConsultaCEP.vdproj", "{EFE444A1-E255-4235-A1BF-7CE5B4B35EA0}"
EndProject
Global
	GlobalSection(SolutionConfigurationPlatforms) = preSolution
		Debug|Any CPU = Debug|Any CPU
		Release|Any CPU = Release|Any CPU
	EndGlobalSection
	GlobalSection(ProjectConfigurationPlatforms) = postSolution
		{8C763BED-FE19-40D9-9239-5B099014A066}.Debug|Any CPU.ActiveCfg = Debug|Any CPU
		{8C763BED-FE19-40D9-9239-5B099014A066}.Debug|Any CPU.Build.0 = Debug|Any CPU
		{8C763BED-FE19-40D9-9239-5B099014A066}.Release|Any CPU.ActiveCfg = Release|Any CPU
		{8C763BED-FE19-40D9-9239-5B099014A066}.Release|Any CPU.Build.0 = Release|Any CPU
		{EFE444A1-E255-4235-A1BF-7CE5B4B35EA0}.Debug|Any CPU.ActiveCfg = Debug
		{EFE444A1-E255-4235-A1BF-7CE5B4B35EA0}.Release|Any CPU.ActiveCfg = Release
	EndGlobalSection
	GlobalSection(SolutionProperties) = preSolution
		HideSolutionNode = FALSE
	EndGlobalSection
	GlobalSection(ExtensibilityGlobals) = postSolution
		SolutionGuid = {6AE00BA1-EDCC-4064-9D83-582F5CB90EBD}
	EndGlobalSection
EndGlobal
